
Microsoft Visual Studio Solution File, Format Version 12.00
# Visual Studio Version 16
VisualStudioVersion = 16.0.30907.101
MinimumVisualStudioVersion = 10.0.40219.1
Project("{FAE04EC0-301F-11D3-BF4B-00C04F79EFBC}") = "laba2", "laba2.csproj", "{67E62387-83EA-401D-BB07-D89173107B4A}"
EndProject
Global
	GlobalSection(SolutionConfigurationPlatforms) = preSolution
		Debug|Any CPU = Debug|Any CPU
		Release|Any CPU = Release|Any CPU
	EndGlobalSection
	GlobalSection(ProjectConfigurationPlatforms) = postSolution
		{67E62387-83EA-401D-BB07-D89173107B4A}.Debug|Any CPU.ActiveCfg = Debug|Any CPU
		{67E62387-83EA-401D-BB07-D89173107B4A}.Debug|Any CPU.Build.0 = Debug|Any CPU
		{67E62387-83EA-401D-BB07-D89173107B4A}.Release|Any CPU.ActiveCfg = Release|Any CPU
		{67E62387-83EA-401D-BB07-D89173107B4A}.Release|Any CPU.Build.0 = Release|Any CPU
	EndGlobalSection
	GlobalSection(SolutionProperties) = preSolution
		HideSolutionNode = FALSE
	EndGlobalSection
	GlobalSection(ExtensibilityGlobals) = postSolution
		SolutionGuid = {B49F1841-1BE7-4B36-BF17-444BC4B1B94E}
	EndGlobalSection
EndGlobal
